// !$*UTF8*$!
{
	archiveVersion = 1;
	classes = {
	};
	objectVersion = 56;
	objects = {

/* Begin PBXBuildFile section */
		504575A7AAB2A1C6A2F3ACBF /* Pods_Crypto_Tracker_Crypto_TrackerUITests.framework in Frameworks */ = {isa = PBXBuildFile; fileRef = 254D16B8683DFA32BB9F5271 /* Pods_Crypto_Tracker_Crypto_TrackerUITests.framework */; };
		762E6E1D2B5EB8EA0039E7A5 /* Alamofire in Frameworks */ = {isa = PBXBuildFile; productRef = 762E6E1C2B5EB8EA0039E7A5 /* Alamofire */; };
		7696B4082A58914300904EB1 /* CryptoManager.swift in Sources */ = {isa = PBXBuildFile; fileRef = 7696B4072A58914300904EB1 /* CryptoManager.swift */; };
		7696B4092A58914300904EB1 /* CryptoManager.swift in Sources */ = {isa = PBXBuildFile; fileRef = 7696B4072A58914300904EB1 /* CryptoManager.swift */; };
		7696B40A2A58914300904EB1 /* CryptoManager.swift in Sources */ = {isa = PBXBuildFile; fileRef = 7696B4072A58914300904EB1 /* CryptoManager.swift */; };
		76AAB5412B53302A00FD3A3C /* CryptoData.swift in Sources */ = {isa = PBXBuildFile; fileRef = 76AAB5402B53302A00FD3A3C /* CryptoData.swift */; };
		76AAB5442B555FA300FD3A3C /* Kingfisher in Frameworks */ = {isa = PBXBuildFile; productRef = 76AAB5432B555FA300FD3A3C /* Kingfisher */; };
		76C95EB92A55826000E8A53F /* AppDelegate.swift in Sources */ = {isa = PBXBuildFile; fileRef = 76C95EB82A55826000E8A53F /* AppDelegate.swift */; };
		76C95EBB2A55826000E8A53F /* SceneDelegate.swift in Sources */ = {isa = PBXBuildFile; fileRef = 76C95EBA2A55826000E8A53F /* SceneDelegate.swift */; };
		76C95EBD2A55826000E8A53F /* HomeVCController.swift in Sources */ = {isa = PBXBuildFile; fileRef = 76C95EBC2A55826000E8A53F /* HomeVCController.swift */; };
		76C95EC02A55826000E8A53F /* Main.storyboard in Resources */ = {isa = PBXBuildFile; fileRef = 76C95EBE2A55826000E8A53F /* Main.storyboard */; };
		76C95EC22A55826300E8A53F /* Assets.xcassets in Resources */ = {isa = PBXBuildFile; fileRef = 76C95EC12A55826300E8A53F /* Assets.xcassets */; };
		76C95EC52A55826300E8A53F /* LaunchScreen.storyboard in Resources */ = {isa = PBXBuildFile; fileRef = 76C95EC32A55826300E8A53F /* LaunchScreen.storyboard */; };
		76C95ED02A55826300E8A53F /* Crypto_TrackerTests.swift in Sources */ = {isa = PBXBuildFile; fileRef = 76C95ECF2A55826300E8A53F /* Crypto_TrackerTests.swift */; };
		76C95EDA2A55826300E8A53F /* Crypto_TrackerUITests.swift in Sources */ = {isa = PBXBuildFile; fileRef = 76C95ED92A55826300E8A53F /* Crypto_TrackerUITests.swift */; };
		76C95EDC2A55826300E8A53F /* Crypto_TrackerUITestsLaunchTests.swift in Sources */ = {isa = PBXBuildFile; fileRef = 76C95EDB2A55826300E8A53F /* Crypto_TrackerUITestsLaunchTests.swift */; };
		76C95EEA2A55958300E8A53F /* Background.swift in Sources */ = {isa = PBXBuildFile; fileRef = 76C95EE92A55958300E8A53F /* Background.swift */; };
		76C95EEC2A55AB2E00E8A53F /* OnboardingVC.swift in Sources */ = {isa = PBXBuildFile; fileRef = 76C95EEB2A55AB2E00E8A53F /* OnboardingVC.swift */; };
		76C95F6F2A55B5B800E8A53F /* NewYork.ttf in Resources */ = {isa = PBXBuildFile; fileRef = 76C95F6E2A55B5B800E8A53F /* NewYork.ttf */; };
		76C95F702A55B5B800E8A53F /* NewYork.ttf in Resources */ = {isa = PBXBuildFile; fileRef = 76C95F6E2A55B5B800E8A53F /* NewYork.ttf */; };
		76C95F712A55B5B800E8A53F /* NewYork.ttf in Resources */ = {isa = PBXBuildFile; fileRef = 76C95F6E2A55B5B800E8A53F /* NewYork.ttf */; };
		76C95FCC2A5719A800E8A53F /* Arial Unicode.ttf in Resources */ = {isa = PBXBuildFile; fileRef = 76C95F902A5719A600E8A53F /* Arial Unicode.ttf */; };
		76C95FCD2A5719A800E8A53F /* Arial Unicode.ttf in Resources */ = {isa = PBXBuildFile; fileRef = 76C95F902A5719A600E8A53F /* Arial Unicode.ttf */; };
		76C95FCE2A5719A800E8A53F /* Arial Unicode.ttf in Resources */ = {isa = PBXBuildFile; fileRef = 76C95F902A5719A600E8A53F /* Arial Unicode.ttf */; };
		76C960172A5719A800E8A53F /* SF-Pro.ttf in Resources */ = {isa = PBXBuildFile; fileRef = 76C95FA92A5719A700E8A53F /* SF-Pro.ttf */; };
		76C960182A5719A800E8A53F /* SF-Pro.ttf in Resources */ = {isa = PBXBuildFile; fileRef = 76C95FA92A5719A700E8A53F /* SF-Pro.ttf */; };
		76C960192A5719A800E8A53F /* SF-Pro.ttf in Resources */ = {isa = PBXBuildFile; fileRef = 76C95FA92A5719A700E8A53F /* SF-Pro.ttf */; };
		76C960562A571EF700E8A53F /* SourceSansPro-ExtraLightItalic.ttf in Resources */ = {isa = PBXBuildFile; fileRef = 76C9604A2A571EF600E8A53F /* SourceSansPro-ExtraLightItalic.ttf */; };
		76C960572A571EF700E8A53F /* SourceSansPro-ExtraLightItalic.ttf in Resources */ = {isa = PBXBuildFile; fileRef = 76C9604A2A571EF600E8A53F /* SourceSansPro-ExtraLightItalic.ttf */; };
		76C960582A571EF700E8A53F /* SourceSansPro-ExtraLightItalic.ttf in Resources */ = {isa = PBXBuildFile; fileRef = 76C9604A2A571EF600E8A53F /* SourceSansPro-ExtraLightItalic.ttf */; };
		76C960592A571EF700E8A53F /* SourceSansPro-Black.ttf in Resources */ = {isa = PBXBuildFile; fileRef = 76C9604B2A571EF600E8A53F /* SourceSansPro-Black.ttf */; };
		76C9605A2A571EF700E8A53F /* SourceSansPro-Black.ttf in Resources */ = {isa = PBXBuildFile; fileRef = 76C9604B2A571EF600E8A53F /* SourceSansPro-Black.ttf */; };
		76C9605B2A571EF700E8A53F /* SourceSansPro-Black.ttf in Resources */ = {isa = PBXBuildFile; fileRef = 76C9604B2A571EF600E8A53F /* SourceSansPro-Black.ttf */; };
		76C9605C2A571EF700E8A53F /* SourceSansPro-Bold.ttf in Resources */ = {isa = PBXBuildFile; fileRef = 76C9604C2A571EF600E8A53F /* SourceSansPro-Bold.ttf */; };
		76C9605D2A571EF700E8A53F /* SourceSansPro-Bold.ttf in Resources */ = {isa = PBXBuildFile; fileRef = 76C9604C2A571EF600E8A53F /* SourceSansPro-Bold.ttf */; };
		76C9605E2A571EF700E8A53F /* SourceSansPro-Bold.ttf in Resources */ = {isa = PBXBuildFile; fileRef = 76C9604C2A571EF600E8A53F /* SourceSansPro-Bold.ttf */; };
		76C9605F2A571EF700E8A53F /* SourceSansPro-Italic.ttf in Resources */ = {isa = PBXBuildFile; fileRef = 76C9604D2A571EF600E8A53F /* SourceSansPro-Italic.ttf */; };
		76C960602A571EF700E8A53F /* SourceSansPro-Italic.ttf in Resources */ = {isa = PBXBuildFile; fileRef = 76C9604D2A571EF600E8A53F /* SourceSansPro-Italic.ttf */; };
		76C960612A571EF700E8A53F /* SourceSansPro-Italic.ttf in Resources */ = {isa = PBXBuildFile; fileRef = 76C9604D2A571EF600E8A53F /* SourceSansPro-Italic.ttf */; };
		76C960622A571EF700E8A53F /* SourceSansPro-LightItalic.ttf in Resources */ = {isa = PBXBuildFile; fileRef = 76C9604E2A571EF600E8A53F /* SourceSansPro-LightItalic.ttf */; };
		76C960632A571EF700E8A53F /* SourceSansPro-LightItalic.ttf in Resources */ = {isa = PBXBuildFile; fileRef = 76C9604E2A571EF600E8A53F /* SourceSansPro-LightItalic.ttf */; };
		76C960642A571EF700E8A53F /* SourceSansPro-LightItalic.ttf in Resources */ = {isa = PBXBuildFile; fileRef = 76C9604E2A571EF600E8A53F /* SourceSansPro-LightItalic.ttf */; };
		76C960652A571EF700E8A53F /* SourceSansPro-SemiBold.ttf in Resources */ = {isa = PBXBuildFile; fileRef = 76C9604F2A571EF600E8A53F /* SourceSansPro-SemiBold.ttf */; };
		76C960662A571EF700E8A53F /* SourceSansPro-SemiBold.ttf in Resources */ = {isa = PBXBuildFile; fileRef = 76C9604F2A571EF600E8A53F /* SourceSansPro-SemiBold.ttf */; };
		76C960672A571EF700E8A53F /* SourceSansPro-SemiBold.ttf in Resources */ = {isa = PBXBuildFile; fileRef = 76C9604F2A571EF600E8A53F /* SourceSansPro-SemiBold.ttf */; };
		76C960682A571EF700E8A53F /* SourceSansPro-Light.ttf in Resources */ = {isa = PBXBuildFile; fileRef = 76C960502A571EF600E8A53F /* SourceSansPro-Light.ttf */; };
		76C960692A571EF700E8A53F /* SourceSansPro-Light.ttf in Resources */ = {isa = PBXBuildFile; fileRef = 76C960502A571EF600E8A53F /* SourceSansPro-Light.ttf */; };
		76C9606A2A571EF700E8A53F /* SourceSansPro-Light.ttf in Resources */ = {isa = PBXBuildFile; fileRef = 76C960502A571EF600E8A53F /* SourceSansPro-Light.ttf */; };
		76C9606B2A571EF700E8A53F /* SourceSansPro-SemiBoldItalic.ttf in Resources */ = {isa = PBXBuildFile; fileRef = 76C960512A571EF700E8A53F /* SourceSansPro-SemiBoldItalic.ttf */; };
		76C9606C2A571EF700E8A53F /* SourceSansPro-SemiBoldItalic.ttf in Resources */ = {isa = PBXBuildFile; fileRef = 76C960512A571EF700E8A53F /* SourceSansPro-SemiBoldItalic.ttf */; };
		76C9606D2A571EF700E8A53F /* SourceSansPro-SemiBoldItalic.ttf in Resources */ = {isa = PBXBuildFile; fileRef = 76C960512A571EF700E8A53F /* SourceSansPro-SemiBoldItalic.ttf */; };
		76C9606E2A571EF700E8A53F /* SourceSansPro-Regular.ttf in Resources */ = {isa = PBXBuildFile; fileRef = 76C960522A571EF700E8A53F /* SourceSansPro-Regular.ttf */; };
		76C9606F2A571EF700E8A53F /* SourceSansPro-Regular.ttf in Resources */ = {isa = PBXBuildFile; fileRef = 76C960522A571EF700E8A53F /* SourceSansPro-Regular.ttf */; };
		76C960702A571EF700E8A53F /* SourceSansPro-Regular.ttf in Resources */ = {isa = PBXBuildFile; fileRef = 76C960522A571EF700E8A53F /* SourceSansPro-Regular.ttf */; };
		76C960712A571EF700E8A53F /* SourceSansPro-ExtraLight.ttf in Resources */ = {isa = PBXBuildFile; fileRef = 76C960532A571EF700E8A53F /* SourceSansPro-ExtraLight.ttf */; };
		76C960722A571EF700E8A53F /* SourceSansPro-ExtraLight.ttf in Resources */ = {isa = PBXBuildFile; fileRef = 76C960532A571EF700E8A53F /* SourceSansPro-ExtraLight.ttf */; };
		76C960732A571EF700E8A53F /* SourceSansPro-ExtraLight.ttf in Resources */ = {isa = PBXBuildFile; fileRef = 76C960532A571EF700E8A53F /* SourceSansPro-ExtraLight.ttf */; };
		76C960742A571EF700E8A53F /* SourceSansPro-BoldItalic.ttf in Resources */ = {isa = PBXBuildFile; fileRef = 76C960542A571EF700E8A53F /* SourceSansPro-BoldItalic.ttf */; };
		76C960752A571EF700E8A53F /* SourceSansPro-BoldItalic.ttf in Resources */ = {isa = PBXBuildFile; fileRef = 76C960542A571EF700E8A53F /* SourceSansPro-BoldItalic.ttf */; };
		76C960762A571EF700E8A53F /* SourceSansPro-BoldItalic.ttf in Resources */ = {isa = PBXBuildFile; fileRef = 76C960542A571EF700E8A53F /* SourceSansPro-BoldItalic.ttf */; };
		76C960772A571EF700E8A53F /* SourceSansPro-BlackItalic.ttf in Resources */ = {isa = PBXBuildFile; fileRef = 76C960552A571EF700E8A53F /* SourceSansPro-BlackItalic.ttf */; };
		76C960782A571EF700E8A53F /* SourceSansPro-BlackItalic.ttf in Resources */ = {isa = PBXBuildFile; fileRef = 76C960552A571EF700E8A53F /* SourceSansPro-BlackItalic.ttf */; };
		76C960792A571EF700E8A53F /* SourceSansPro-BlackItalic.ttf in Resources */ = {isa = PBXBuildFile; fileRef = 76C960552A571EF700E8A53F /* SourceSansPro-BlackItalic.ttf */; };
		76C9607B2A571F8200E8A53F /* OpenSans-Medium.ttf in Resources */ = {isa = PBXBuildFile; fileRef = 76C9607A2A571F8200E8A53F /* OpenSans-Medium.ttf */; };
		76C9607C2A571F8200E8A53F /* OpenSans-Medium.ttf in Resources */ = {isa = PBXBuildFile; fileRef = 76C9607A2A571F8200E8A53F /* OpenSans-Medium.ttf */; };
		76C9607D2A571F8200E8A53F /* OpenSans-Medium.ttf in Resources */ = {isa = PBXBuildFile; fileRef = 76C9607A2A571F8200E8A53F /* OpenSans-Medium.ttf */; };
		76C960812A5722C500E8A53F /* CryptoTableViewCell.swift in Sources */ = {isa = PBXBuildFile; fileRef = 76C9607F2A5722C400E8A53F /* CryptoTableViewCell.swift */; };
		76C960822A5722C500E8A53F /* CryptoTableViewCell.swift in Sources */ = {isa = PBXBuildFile; fileRef = 76C9607F2A5722C400E8A53F /* CryptoTableViewCell.swift */; };
		76C960832A5722C500E8A53F /* CryptoTableViewCell.swift in Sources */ = {isa = PBXBuildFile; fileRef = 76C9607F2A5722C400E8A53F /* CryptoTableViewCell.swift */; };
		76C960842A5722C500E8A53F /* CryptoTableViewCell.xib in Resources */ = {isa = PBXBuildFile; fileRef = 76C960802A5722C400E8A53F /* CryptoTableViewCell.xib */; };
		76C960852A5722C500E8A53F /* CryptoTableViewCell.xib in Resources */ = {isa = PBXBuildFile; fileRef = 76C960802A5722C400E8A53F /* CryptoTableViewCell.xib */; };
		76C960862A5722C500E8A53F /* CryptoTableViewCell.xib in Resources */ = {isa = PBXBuildFile; fileRef = 76C960802A5722C400E8A53F /* CryptoTableViewCell.xib */; };
		76F858BA2A6068EA00C96D42 /* CryptoDetailsVC.swift in Sources */ = {isa = PBXBuildFile; fileRef = 76F858B92A6068EA00C96D42 /* CryptoDetailsVC.swift */; };
		76F858BB2A6068EA00C96D42 /* CryptoDetailsVC.swift in Sources */ = {isa = PBXBuildFile; fileRef = 76F858B92A6068EA00C96D42 /* CryptoDetailsVC.swift */; };
		76F858BC2A6068EA00C96D42 /* CryptoDetailsVC.swift in Sources */ = {isa = PBXBuildFile; fileRef = 76F858B92A6068EA00C96D42 /* CryptoDetailsVC.swift */; };
		7BC2C5CE334F69E38EBC744F /* Pods_Crypto_Tracker.framework in Frameworks */ = {isa = PBXBuildFile; fileRef = 6DB29ECFBD4D2A493E4732CA /* Pods_Crypto_Tracker.framework */; };
		80F2F8937EB67149B5E26A9C /* Pods_Crypto_TrackerTests.framework in Frameworks */ = {isa = PBXBuildFile; fileRef = D50E4A87CA9282C89C8B1ABE /* Pods_Crypto_TrackerTests.framework */; };
/* End PBXBuildFile section */

/* Begin PBXContainerItemProxy section */
		76C95ECC2A55826300E8A53F /* PBXContainerItemProxy */ = {
			isa = PBXContainerItemProxy;
			containerPortal = 76C95EAD2A55826000E8A53F /* Project object */;
			proxyType = 1;
			remoteGlobalIDString = 76C95EB42A55826000E8A53F;
			remoteInfo = "Crypto Tracker";
		};
		76C95ED62A55826300E8A53F /* PBXContainerItemProxy */ = {
			isa = PBXContainerItemProxy;
			containerPortal = 76C95EAD2A55826000E8A53F /* Project object */;
			proxyType = 1;
			remoteGlobalIDString = 76C95EB42A55826000E8A53F;
			remoteInfo = "Crypto Tracker";
		};
/* End PBXContainerItemProxy section */

/* Begin PBXFileReference section */
		0341E69E8E6807C20BED408A /* Pods-Crypto Tracker-Crypto TrackerUITests.release.xcconfig */ = {isa = PBXFileReference; includeInIndex = 1; lastKnownFileType = text.xcconfig; name = "Pods-Crypto Tracker-Crypto TrackerUITests.release.xcconfig"; path = "Target Support Files/Pods-Crypto Tracker-Crypto TrackerUITests/Pods-Crypto Tracker-Crypto TrackerUITests.release.xcconfig"; sourceTree = "<group>"; };
		0FA704836576ACA3C2C22325 /* Pods-Crypto TrackerTests.debug.xcconfig */ = {isa = PBXFileReference; includeInIndex = 1; lastKnownFileType = text.xcconfig; name = "Pods-Crypto TrackerTests.debug.xcconfig"; path = "Target Support Files/Pods-Crypto TrackerTests/Pods-Crypto TrackerTests.debug.xcconfig"; sourceTree = "<group>"; };
		254D16B8683DFA32BB9F5271 /* Pods_Crypto_Tracker_Crypto_TrackerUITests.framework */ = {isa = PBXFileReference; explicitFileType = wrapper.framework; includeInIndex = 0; path = Pods_Crypto_Tracker_Crypto_TrackerUITests.framework; sourceTree = BUILT_PRODUCTS_DIR; };
		59E7E9EDB001BB8CE6F3B469 /* Pods-Crypto Tracker-Crypto TrackerUITests.debug.xcconfig */ = {isa = PBXFileReference; includeInIndex = 1; lastKnownFileType = text.xcconfig; name = "Pods-Crypto Tracker-Crypto TrackerUITests.debug.xcconfig"; path = "Target Support Files/Pods-Crypto Tracker-Crypto TrackerUITests/Pods-Crypto Tracker-Crypto TrackerUITests.debug.xcconfig"; sourceTree = "<group>"; };
		60C3C65983BC92D12AA5E755 /* Pods-Crypto Tracker.debug.xcconfig */ = {isa = PBXFileReference; includeInIndex = 1; lastKnownFileType = text.xcconfig; name = "Pods-Crypto Tracker.debug.xcconfig"; path = "Target Support Files/Pods-Crypto Tracker/Pods-Crypto Tracker.debug.xcconfig"; sourceTree = "<group>"; };
		6B23B0714198C7B98303D0AF /* Pods-Crypto TrackerTests.release.xcconfig */ = {isa = PBXFileReference; includeInIndex = 1; lastKnownFileType = text.xcconfig; name = "Pods-Crypto TrackerTests.release.xcconfig"; path = "Target Support Files/Pods-Crypto TrackerTests/Pods-Crypto TrackerTests.release.xcconfig"; sourceTree = "<group>"; };
		6DB29ECFBD4D2A493E4732CA /* Pods_Crypto_Tracker.framework */ = {isa = PBXFileReference; explicitFileType = wrapper.framework; includeInIndex = 0; path = Pods_Crypto_Tracker.framework; sourceTree = BUILT_PRODUCTS_DIR; };
		7696B4072A58914300904EB1 /* CryptoManager.swift */ = {isa = PBXFileReference; lastKnownFileType = sourcecode.swift; path = CryptoManager.swift; sourceTree = "<group>"; };
		76AAB5402B53302A00FD3A3C /* CryptoData.swift */ = {isa = PBXFileReference; lastKnownFileType = sourcecode.swift; path = CryptoData.swift; sourceTree = "<group>"; };
		76C95EB52A55826000E8A53F /* Crypto Tracker.app */ = {isa = PBXFileReference; explicitFileType = wrapper.application; includeInIndex = 0; path = "Crypto Tracker.app"; sourceTree = BUILT_PRODUCTS_DIR; };
		76C95EB82A55826000E8A53F /* AppDelegate.swift */ = {isa = PBXFileReference; lastKnownFileType = sourcecode.swift; path = AppDelegate.swift; sourceTree = "<group>"; };
		76C95EBA2A55826000E8A53F /* SceneDelegate.swift */ = {isa = PBXFileReference; lastKnownFileType = sourcecode.swift; path = SceneDelegate.swift; sourceTree = "<group>"; };
		76C95EBC2A55826000E8A53F /* HomeVCController.swift */ = {isa = PBXFileReference; lastKnownFileType = sourcecode.swift; path = HomeVCController.swift; sourceTree = "<group>"; };
		76C95EBF2A55826000E8A53F /* Base */ = {isa = PBXFileReference; lastKnownFileType = file.storyboard; name = Base; path = Base.lproj/Main.storyboard; sourceTree = "<group>"; };
		76C95EC12A55826300E8A53F /* Assets.xcassets */ = {isa = PBXFileReference; lastKnownFileType = folder.assetcatalog; path = Assets.xcassets; sourceTree = "<group>"; };
		76C95EC42A55826300E8A53F /* Base */ = {isa = PBXFileReference; lastKnownFileType = file.storyboard; name = Base; path = Base.lproj/LaunchScreen.storyboard; sourceTree = "<group>"; };
		76C95EC62A55826300E8A53F /* Info.plist */ = {isa = PBXFileReference; lastKnownFileType = text.plist.xml; path = Info.plist; sourceTree = "<group>"; };
		76C95ECB2A55826300E8A53F /* Crypto TrackerTests.xctest */ = {isa = PBXFileReference; explicitFileType = wrapper.cfbundle; includeInIndex = 0; path = "Crypto TrackerTests.xctest"; sourceTree = BUILT_PRODUCTS_DIR; };
		76C95ECF2A55826300E8A53F /* Crypto_TrackerTests.swift */ = {isa = PBXFileReference; lastKnownFileType = sourcecode.swift; path = Crypto_TrackerTests.swift; sourceTree = "<group>"; };
		76C95ED52A55826300E8A53F /* Crypto TrackerUITests.xctest */ = {isa = PBXFileReference; explicitFileType = wrapper.cfbundle; includeInIndex = 0; path = "Crypto TrackerUITests.xctest"; sourceTree = BUILT_PRODUCTS_DIR; };
		76C95ED92A55826300E8A53F /* Crypto_TrackerUITests.swift */ = {isa = PBXFileReference; lastKnownFileType = sourcecode.swift; path = Crypto_TrackerUITests.swift; sourceTree = "<group>"; };
		76C95EDB2A55826300E8A53F /* Crypto_TrackerUITestsLaunchTests.swift */ = {isa = PBXFileReference; lastKnownFileType = sourcecode.swift; path = Crypto_TrackerUITestsLaunchTests.swift; sourceTree = "<group>"; };
		76C95EE92A55958300E8A53F /* Background.swift */ = {isa = PBXFileReference; lastKnownFileType = sourcecode.swift; path = Background.swift; sourceTree = "<group>"; };
		76C95EEB2A55AB2E00E8A53F /* OnboardingVC.swift */ = {isa = PBXFileReference; lastKnownFileType = sourcecode.swift; path = OnboardingVC.swift; sourceTree = "<group>"; };
		76C95F6E2A55B5B800E8A53F /* NewYork.ttf */ = {isa = PBXFileReference; lastKnownFileType = file; path = NewYork.ttf; sourceTree = "<group>"; };
		76C95F902A5719A600E8A53F /* Arial Unicode.ttf */ = {isa = PBXFileReference; lastKnownFileType = file; path = "Arial Unicode.ttf"; sourceTree = "<group>"; };
		76C95FA92A5719A700E8A53F /* SF-Pro.ttf */ = {isa = PBXFileReference; lastKnownFileType = file; name = "SF-Pro.ttf"; path = "../../../../../../../../Library/Fonts/SF-Pro.ttf"; sourceTree = "<group>"; };
		76C9604A2A571EF600E8A53F /* SourceSansPro-ExtraLightItalic.ttf */ = {isa = PBXFileReference; lastKnownFileType = file; path = "SourceSansPro-ExtraLightItalic.ttf"; sourceTree = "<group>"; };
		76C9604B2A571EF600E8A53F /* SourceSansPro-Black.ttf */ = {isa = PBXFileReference; lastKnownFileType = file; path = "SourceSansPro-Black.ttf"; sourceTree = "<group>"; };
		76C9604C2A571EF600E8A53F /* SourceSansPro-Bold.ttf */ = {isa = PBXFileReference; lastKnownFileType = file; path = "SourceSansPro-Bold.ttf"; sourceTree = "<group>"; };
		76C9604D2A571EF600E8A53F /* SourceSansPro-Italic.ttf */ = {isa = PBXFileReference; lastKnownFileType = file; path = "SourceSansPro-Italic.ttf"; sourceTree = "<group>"; };
		76C9604E2A571EF600E8A53F /* SourceSansPro-LightItalic.ttf */ = {isa = PBXFileReference; lastKnownFileType = file; path = "SourceSansPro-LightItalic.ttf"; sourceTree = "<group>"; };
		76C9604F2A571EF600E8A53F /* SourceSansPro-SemiBold.ttf */ = {isa = PBXFileReference; lastKnownFileType = file; path = "SourceSansPro-SemiBold.ttf"; sourceTree = "<group>"; };
		76C960502A571EF600E8A53F /* SourceSansPro-Light.ttf */ = {isa = PBXFileReference; lastKnownFileType = file; path = "SourceSansPro-Light.ttf"; sourceTree = "<group>"; };
		76C960512A571EF700E8A53F /* SourceSansPro-SemiBoldItalic.ttf */ = {isa = PBXFileReference; lastKnownFileType = file; path = "SourceSansPro-SemiBoldItalic.ttf"; sourceTree = "<group>"; };
		76C960522A571EF700E8A53F /* SourceSansPro-Regular.ttf */ = {isa = PBXFileReference; lastKnownFileType = file; path = "SourceSansPro-Regular.ttf"; sourceTree = "<group>"; };
		76C960532A571EF700E8A53F /* SourceSansPro-ExtraLight.ttf */ = {isa = PBXFileReference; lastKnownFileType = file; path = "SourceSansPro-ExtraLight.ttf"; sourceTree = "<group>"; };
		76C960542A571EF700E8A53F /* SourceSansPro-BoldItalic.ttf */ = {isa = PBXFileReference; lastKnownFileType = file; path = "SourceSansPro-BoldItalic.ttf"; sourceTree = "<group>"; };
		76C960552A571EF700E8A53F /* SourceSansPro-BlackItalic.ttf */ = {isa = PBXFileReference; lastKnownFileType = file; path = "SourceSansPro-BlackItalic.ttf"; sourceTree = "<group>"; };
		76C9607A2A571F8200E8A53F /* OpenSans-Medium.ttf */ = {isa = PBXFileReference; lastKnownFileType = file; path = "OpenSans-Medium.ttf"; sourceTree = "<group>"; };
		76C9607F2A5722C400E8A53F /* CryptoTableViewCell.swift */ = {isa = PBXFileReference; lastKnownFileType = sourcecode.swift; path = CryptoTableViewCell.swift; sourceTree = "<group>"; };
		76C960802A5722C400E8A53F /* CryptoTableViewCell.xib */ = {isa = PBXFileReference; lastKnownFileType = file.xib; path = CryptoTableViewCell.xib; sourceTree = "<group>"; };
		76F858B92A6068EA00C96D42 /* CryptoDetailsVC.swift */ = {isa = PBXFileReference; lastKnownFileType = sourcecode.swift; path = CryptoDetailsVC.swift; sourceTree = "<group>"; };
		8A0B195C3C23547B178EF458 /* Pods-Crypto Tracker.release.xcconfig */ = {isa = PBXFileReference; includeInIndex = 1; lastKnownFileType = text.xcconfig; name = "Pods-Crypto Tracker.release.xcconfig"; path = "Target Support Files/Pods-Crypto Tracker/Pods-Crypto Tracker.release.xcconfig"; sourceTree = "<group>"; };
		D50E4A87CA9282C89C8B1ABE /* Pods_Crypto_TrackerTests.framework */ = {isa = PBXFileReference; explicitFileType = wrapper.framework; includeInIndex = 0; path = Pods_Crypto_TrackerTests.framework; sourceTree = BUILT_PRODUCTS_DIR; };
/* End PBXFileReference section */

/* Begin PBXFrameworksBuildPhase section */
		76C95EB22A55826000E8A53F /* Frameworks */ = {
			isa = PBXFrameworksBuildPhase;
			buildActionMask = 2147483647;
			files = (
				762E6E1D2B5EB8EA0039E7A5 /* Alamofire in Frameworks */,
				76AAB5442B555FA300FD3A3C /* Kingfisher in Frameworks */,
				7BC2C5CE334F69E38EBC744F /* Pods_Crypto_Tracker.framework in Frameworks */,
			);
			runOnlyForDeploymentPostprocessing = 0;
		};
		76C95EC82A55826300E8A53F /* Frameworks */ = {
			isa = PBXFrameworksBuildPhase;
			buildActionMask = 2147483647;
			files = (
				80F2F8937EB67149B5E26A9C /* Pods_Crypto_TrackerTests.framework in Frameworks */,
			);
			runOnlyForDeploymentPostprocessing = 0;
		};
		76C95ED22A55826300E8A53F /* Frameworks */ = {
			isa = PBXFrameworksBuildPhase;
			buildActionMask = 2147483647;
			files = (
				504575A7AAB2A1C6A2F3ACBF /* Pods_Crypto_Tracker_Crypto_TrackerUITests.framework in Frameworks */,
			);
			runOnlyForDeploymentPostprocessing = 0;
		};
/* End PBXFrameworksBuildPhase section */

/* Begin PBXGroup section */
		1D3553ADA63413A773F19AE8 /* Pods */ = {
			isa = PBXGroup;
			children = (
				60C3C65983BC92D12AA5E755 /* Pods-Crypto Tracker.debug.xcconfig */,
				8A0B195C3C23547B178EF458 /* Pods-Crypto Tracker.release.xcconfig */,
				59E7E9EDB001BB8CE6F3B469 /* Pods-Crypto Tracker-Crypto TrackerUITests.debug.xcconfig */,
				0341E69E8E6807C20BED408A /* Pods-Crypto Tracker-Crypto TrackerUITests.release.xcconfig */,
				0FA704836576ACA3C2C22325 /* Pods-Crypto TrackerTests.debug.xcconfig */,
				6B23B0714198C7B98303D0AF /* Pods-Crypto TrackerTests.release.xcconfig */,
			);
			path = Pods;
			sourceTree = "<group>";
		};
		76C95EAC2A55826000E8A53F = {
			isa = PBXGroup;
			children = (
				76C95EB72A55826000E8A53F /* Crypto Tracker */,
				76C95ECE2A55826300E8A53F /* Crypto TrackerTests */,
				76C95ED82A55826300E8A53F /* Crypto TrackerUITests */,
				76C95EEF2A55ADE800E8A53F /* Fonts */,
				76C95EB62A55826000E8A53F /* Products */,
				1D3553ADA63413A773F19AE8 /* Pods */,
				C07BE63FD072519E42236154 /* Frameworks */,
			);
			sourceTree = "<group>";
		};
		76C95EB62A55826000E8A53F /* Products */ = {
			isa = PBXGroup;
			children = (
				76C95EB52A55826000E8A53F /* Crypto Tracker.app */,
				76C95ECB2A55826300E8A53F /* Crypto TrackerTests.xctest */,
				76C95ED52A55826300E8A53F /* Crypto TrackerUITests.xctest */,
			);
			name = Products;
			sourceTree = "<group>";
		};
		76C95EB72A55826000E8A53F /* Crypto Tracker */ = {
			isa = PBXGroup;
			children = (
				76C95F7B2A55E94C00E8A53F /* Model */,
				76C95F7A2A55E94300E8A53F /* View */,
				76C95F7C2A55E95F00E8A53F /* Controller */,
				76C95EB82A55826000E8A53F /* AppDelegate.swift */,
				76C95EBA2A55826000E8A53F /* SceneDelegate.swift */,
				76C95EC12A55826300E8A53F /* Assets.xcassets */,
				76C95EC32A55826300E8A53F /* LaunchScreen.storyboard */,
				76C95EC62A55826300E8A53F /* Info.plist */,
			);
			path = "Crypto Tracker";
			sourceTree = "<group>";
		};
		76C95ECE2A55826300E8A53F /* Crypto TrackerTests */ = {
			isa = PBXGroup;
			children = (
				76C95ECF2A55826300E8A53F /* Crypto_TrackerTests.swift */,
			);
			path = "Crypto TrackerTests";
			sourceTree = "<group>";
		};
		76C95ED82A55826300E8A53F /* Crypto TrackerUITests */ = {
			isa = PBXGroup;
			children = (
				76C95ED92A55826300E8A53F /* Crypto_TrackerUITests.swift */,
				76C95EDB2A55826300E8A53F /* Crypto_TrackerUITestsLaunchTests.swift */,
			);
			path = "Crypto TrackerUITests";
			sourceTree = "<group>";
		};
		76C95EEF2A55ADE800E8A53F /* Fonts */ = {
			isa = PBXGroup;
			children = (
				76C95F6D2A55B53C00E8A53F /* New York */,
				76C95EF02A55B52400E8A53F /* SF PRO */,
			);
			path = Fonts;
			sourceTree = "<group>";
		};
		76C95EF02A55B52400E8A53F /* SF PRO */ = {
			isa = PBXGroup;
			children = (
				76C9607A2A571F8200E8A53F /* OpenSans-Medium.ttf */,
				76C9604B2A571EF600E8A53F /* SourceSansPro-Black.ttf */,
				76C960552A571EF700E8A53F /* SourceSansPro-BlackItalic.ttf */,
				76C9604C2A571EF600E8A53F /* SourceSansPro-Bold.ttf */,
				76C960542A571EF700E8A53F /* SourceSansPro-BoldItalic.ttf */,
				76C960532A571EF700E8A53F /* SourceSansPro-ExtraLight.ttf */,
				76C9604A2A571EF600E8A53F /* SourceSansPro-ExtraLightItalic.ttf */,
				76C9604D2A571EF600E8A53F /* SourceSansPro-Italic.ttf */,
				76C960502A571EF600E8A53F /* SourceSansPro-Light.ttf */,
				76C9604E2A571EF600E8A53F /* SourceSansPro-LightItalic.ttf */,
				76C960522A571EF700E8A53F /* SourceSansPro-Regular.ttf */,
				76C9604F2A571EF600E8A53F /* SourceSansPro-SemiBold.ttf */,
				76C960512A571EF700E8A53F /* SourceSansPro-SemiBoldItalic.ttf */,
				76C95F902A5719A600E8A53F /* Arial Unicode.ttf */,
				76C95FA92A5719A700E8A53F /* SF-Pro.ttf */,
			);
			path = "SF PRO";
			sourceTree = "<group>";
		};
		76C95F6D2A55B53C00E8A53F /* New York */ = {
			isa = PBXGroup;
			children = (
				76C95F6E2A55B5B800E8A53F /* NewYork.ttf */,
			);
			path = "New York";
			sourceTree = "<group>";
		};
		76C95F7A2A55E94300E8A53F /* View */ = {
			isa = PBXGroup;
			children = (
				76C95EBE2A55826000E8A53F /* Main.storyboard */,
				76C9607E2A57225B00E8A53F /* TableView */,
				76C95F7D2A55E9F200E8A53F /* Onboarding */,
			);
			path = View;
			sourceTree = "<group>";
		};
		76C95F7B2A55E94C00E8A53F /* Model */ = {
			isa = PBXGroup;
			children = (
				7696B4072A58914300904EB1 /* CryptoManager.swift */,
				76AAB5402B53302A00FD3A3C /* CryptoData.swift */,
			);
			path = Model;
			sourceTree = "<group>";
		};
		76C95F7C2A55E95F00E8A53F /* Controller */ = {
			isa = PBXGroup;
			children = (
				76C95F842A56F54000E8A53F /* HomeVC */,
				76F858B82A6068A900C96D42 /* CryptoDetails */,
				76C95F7E2A55EA1300E8A53F /* Onboarding */,
			);
			path = Controller;
			sourceTree = "<group>";
		};
		76C95F7D2A55E9F200E8A53F /* Onboarding */ = {
			isa = PBXGroup;
			children = (
				76C95EEB2A55AB2E00E8A53F /* OnboardingVC.swift */,
				76C95EE92A55958300E8A53F /* Background.swift */,
			);
			path = Onboarding;
			sourceTree = "<group>";
		};
		76C95F7E2A55EA1300E8A53F /* Onboarding */ = {
			isa = PBXGroup;
			children = (
			);
			path = Onboarding;
			sourceTree = "<group>";
		};
		76C95F842A56F54000E8A53F /* HomeVC */ = {
			isa = PBXGroup;
			children = (
				76C95EBC2A55826000E8A53F /* HomeVCController.swift */,
			);
			path = HomeVC;
			sourceTree = "<group>";
		};
		76C9607E2A57225B00E8A53F /* TableView */ = {
			isa = PBXGroup;
			children = (
				76C9607F2A5722C400E8A53F /* CryptoTableViewCell.swift */,
				76C960802A5722C400E8A53F /* CryptoTableViewCell.xib */,
			);
			path = TableView;
			sourceTree = "<group>";
		};
		76F858B82A6068A900C96D42 /* CryptoDetails */ = {
			isa = PBXGroup;
			children = (
				76F858B92A6068EA00C96D42 /* CryptoDetailsVC.swift */,
			);
			path = CryptoDetails;
			sourceTree = "<group>";
		};
		C07BE63FD072519E42236154 /* Frameworks */ = {
			isa = PBXGroup;
			children = (
				6DB29ECFBD4D2A493E4732CA /* Pods_Crypto_Tracker.framework */,
				254D16B8683DFA32BB9F5271 /* Pods_Crypto_Tracker_Crypto_TrackerUITests.framework */,
				D50E4A87CA9282C89C8B1ABE /* Pods_Crypto_TrackerTests.framework */,
			);
			name = Frameworks;
			sourceTree = "<group>";
		};
/* End PBXGroup section */

/* Begin PBXNativeTarget section */
		76C95EB42A55826000E8A53F /* Crypto Tracker */ = {
			isa = PBXNativeTarget;
			buildConfigurationList = 76C95EDF2A55826300E8A53F /* Build configuration list for PBXNativeTarget "Crypto Tracker" */;
			buildPhases = (
				BB49780F061A19792E32DECE /* [CP] Check Pods Manifest.lock */,
				76C95EB12A55826000E8A53F /* Sources */,
				76C95EB22A55826000E8A53F /* Frameworks */,
				76C95EB32A55826000E8A53F /* Resources */,
				94AC55EF1DFB972FC17E0EFB /* [CP] Embed Pods Frameworks */,
			);
			buildRules = (
			);
			dependencies = (
			);
			name = "Crypto Tracker";
			packageProductDependencies = (
				76AAB5432B555FA300FD3A3C /* Kingfisher */,
				762E6E1C2B5EB8EA0039E7A5 /* Alamofire */,
			);
			productName = "Crypto Tracker";
			productReference = 76C95EB52A55826000E8A53F /* Crypto Tracker.app */;
			productType = "com.apple.product-type.application";
		};
		76C95ECA2A55826300E8A53F /* Crypto TrackerTests */ = {
			isa = PBXNativeTarget;
			buildConfigurationList = 76C95EE22A55826300E8A53F /* Build configuration list for PBXNativeTarget "Crypto TrackerTests" */;
			buildPhases = (
				6947F322548439F3BC128273 /* [CP] Check Pods Manifest.lock */,
				76C95EC72A55826300E8A53F /* Sources */,
				76C95EC82A55826300E8A53F /* Frameworks */,
				76C95EC92A55826300E8A53F /* Resources */,
			);
			buildRules = (
			);
			dependencies = (
				76C95ECD2A55826300E8A53F /* PBXTargetDependency */,
			);
			name = "Crypto TrackerTests";
			productName = "Crypto TrackerTests";
			productReference = 76C95ECB2A55826300E8A53F /* Crypto TrackerTests.xctest */;
			productType = "com.apple.product-type.bundle.unit-test";
		};
		76C95ED42A55826300E8A53F /* Crypto TrackerUITests */ = {
			isa = PBXNativeTarget;
			buildConfigurationList = 76C95EE52A55826300E8A53F /* Build configuration list for PBXNativeTarget "Crypto TrackerUITests" */;
			buildPhases = (
				CA571B8BF3D360742A9557CE /* [CP] Check Pods Manifest.lock */,
				76C95ED12A55826300E8A53F /* Sources */,
				76C95ED22A55826300E8A53F /* Frameworks */,
				76C95ED32A55826300E8A53F /* Resources */,
				BB66825F5F38070D8952AE98 /* [CP] Embed Pods Frameworks */,
			);
			buildRules = (
			);
			dependencies = (
				76C95ED72A55826300E8A53F /* PBXTargetDependency */,
			);
			name = "Crypto TrackerUITests";
			productName = "Crypto TrackerUITests";
			productReference = 76C95ED52A55826300E8A53F /* Crypto TrackerUITests.xctest */;
			productType = "com.apple.product-type.bundle.ui-testing";
		};
/* End PBXNativeTarget section */

/* Begin PBXProject section */
		76C95EAD2A55826000E8A53F /* Project object */ = {
			isa = PBXProject;
			attributes = {
				BuildIndependentTargetsInParallel = 1;
				LastSwiftUpdateCheck = 1430;
				LastUpgradeCheck = 1520;
				TargetAttributes = {
					76C95EB42A55826000E8A53F = {
						CreatedOnToolsVersion = 14.3.1;
					};
					76C95ECA2A55826300E8A53F = {
						CreatedOnToolsVersion = 14.3.1;
						TestTargetID = 76C95EB42A55826000E8A53F;
					};
					76C95ED42A55826300E8A53F = {
						CreatedOnToolsVersion = 14.3.1;
						TestTargetID = 76C95EB42A55826000E8A53F;
					};
				};
			};
			buildConfigurationList = 76C95EB02A55826000E8A53F /* Build configuration list for PBXProject "Crypto Tracker" */;
			compatibilityVersion = "Xcode 14.0";
			developmentRegion = en;
			hasScannedForEncodings = 0;
			knownRegions = (
				en,
				Base,
			);
			mainGroup = 76C95EAC2A55826000E8A53F;
			packageReferences = (
				76AAB5422B555FA200FD3A3C /* XCRemoteSwiftPackageReference "Kingfisher" */,
				766E0FBE2B5841EE008E2325 /* XCRemoteSwiftPackageReference "Charts" */,
				762E6E1B2B5EB8EA0039E7A5 /* XCRemoteSwiftPackageReference "Alamofire" */,
			);
			productRefGroup = 76C95EB62A55826000E8A53F /* Products */;
			projectDirPath = "";
			projectRoot = "";
			targets = (
				76C95EB42A55826000E8A53F /* Crypto Tracker */,
				76C95ECA2A55826300E8A53F /* Crypto TrackerTests */,
				76C95ED42A55826300E8A53F /* Crypto TrackerUITests */,
			);
		};
/* End PBXProject section */

/* Begin PBXResourcesBuildPhase section */
		76C95EB32A55826000E8A53F /* Resources */ = {
			isa = PBXResourcesBuildPhase;
			buildActionMask = 2147483647;
			files = (
				76C960772A571EF700E8A53F /* SourceSansPro-BlackItalic.ttf in Resources */,
				76C9607B2A571F8200E8A53F /* OpenSans-Medium.ttf in Resources */,
				76C9606B2A571EF700E8A53F /* SourceSansPro-SemiBoldItalic.ttf in Resources */,
				76C960682A571EF700E8A53F /* SourceSansPro-Light.ttf in Resources */,
				76C95FCC2A5719A800E8A53F /* Arial Unicode.ttf in Resources */,
				76C960562A571EF700E8A53F /* SourceSansPro-ExtraLightItalic.ttf in Resources */,
				76C9605C2A571EF700E8A53F /* SourceSansPro-Bold.ttf in Resources */,
				76C9606E2A571EF700E8A53F /* SourceSansPro-Regular.ttf in Resources */,
				76C960842A5722C500E8A53F /* CryptoTableViewCell.xib in Resources */,
				76C95EC52A55826300E8A53F /* LaunchScreen.storyboard in Resources */,
				76C960742A571EF700E8A53F /* SourceSansPro-BoldItalic.ttf in Resources */,
				76C9605F2A571EF700E8A53F /* SourceSansPro-Italic.ttf in Resources */,
				76C960712A571EF700E8A53F /* SourceSansPro-ExtraLight.ttf in Resources */,
				76C95F6F2A55B5B800E8A53F /* NewYork.ttf in Resources */,
				76C960622A571EF700E8A53F /* SourceSansPro-LightItalic.ttf in Resources */,
				76C960592A571EF700E8A53F /* SourceSansPro-Black.ttf in Resources */,
				76C95EC22A55826300E8A53F /* Assets.xcassets in Resources */,
				76C960652A571EF700E8A53F /* SourceSansPro-SemiBold.ttf in Resources */,
				76C960172A5719A800E8A53F /* SF-Pro.ttf in Resources */,
				76C95EC02A55826000E8A53F /* Main.storyboard in Resources */,
			);
			runOnlyForDeploymentPostprocessing = 0;
		};
		76C95EC92A55826300E8A53F /* Resources */ = {
			isa = PBXResourcesBuildPhase;
			buildActionMask = 2147483647;
			files = (
				76C960572A571EF700E8A53F /* SourceSansPro-ExtraLightItalic.ttf in Resources */,
				76C9606C2A571EF700E8A53F /* SourceSansPro-SemiBoldItalic.ttf in Resources */,
				76C960852A5722C500E8A53F /* CryptoTableViewCell.xib in Resources */,
				76C95F702A55B5B800E8A53F /* NewYork.ttf in Resources */,
				76C960182A5719A800E8A53F /* SF-Pro.ttf in Resources */,
				76C9607C2A571F8200E8A53F /* OpenSans-Medium.ttf in Resources */,
				76C960692A571EF700E8A53F /* SourceSansPro-Light.ttf in Resources */,
				76C960662A571EF700E8A53F /* SourceSansPro-SemiBold.ttf in Resources */,
				76C960632A571EF700E8A53F /* SourceSansPro-LightItalic.ttf in Resources */,
				76C960752A571EF700E8A53F /* SourceSansPro-BoldItalic.ttf in Resources */,
				76C9605A2A571EF700E8A53F /* SourceSansPro-Black.ttf in Resources */,
				76C960722A571EF700E8A53F /* SourceSansPro-ExtraLight.ttf in Resources */,
				76C95FCD2A5719A800E8A53F /* Arial Unicode.ttf in Resources */,
				76C960602A571EF700E8A53F /* SourceSansPro-Italic.ttf in Resources */,
				76C960782A571EF700E8A53F /* SourceSansPro-BlackItalic.ttf in Resources */,
				76C9605D2A571EF700E8A53F /* SourceSansPro-Bold.ttf in Resources */,
				76C9606F2A571EF700E8A53F /* SourceSansPro-Regular.ttf in Resources */,
			);
			runOnlyForDeploymentPostprocessing = 0;
		};
		76C95ED32A55826300E8A53F /* Resources */ = {
			isa = PBXResourcesBuildPhase;
			buildActionMask = 2147483647;
			files = (
				76C960582A571EF700E8A53F /* SourceSansPro-ExtraLightItalic.ttf in Resources */,
				76C9606D2A571EF700E8A53F /* SourceSansPro-SemiBoldItalic.ttf in Resources */,
				76C960862A5722C500E8A53F /* CryptoTableViewCell.xib in Resources */,
				76C95F712A55B5B800E8A53F /* NewYork.ttf in Resources */,
				76C960192A5719A800E8A53F /* SF-Pro.ttf in Resources */,
				76C9607D2A571F8200E8A53F /* OpenSans-Medium.ttf in Resources */,
				76C9606A2A571EF700E8A53F /* SourceSansPro-Light.ttf in Resources */,
				76C960672A571EF700E8A53F /* SourceSansPro-SemiBold.ttf in Resources */,
				76C960642A571EF700E8A53F /* SourceSansPro-LightItalic.ttf in Resources */,
				76C960762A571EF700E8A53F /* SourceSansPro-BoldItalic.ttf in Resources */,
				76C9605B2A571EF700E8A53F /* SourceSansPro-Black.ttf in Resources */,
				76C960732A571EF700E8A53F /* SourceSansPro-ExtraLight.ttf in Resources */,
				76C95FCE2A5719A800E8A53F /* Arial Unicode.ttf in Resources */,
				76C960612A571EF700E8A53F /* SourceSansPro-Italic.ttf in Resources */,
				76C960792A571EF700E8A53F /* SourceSansPro-BlackItalic.ttf in Resources */,
				76C9605E2A571EF700E8A53F /* SourceSansPro-Bold.ttf in Resources */,
				76C960702A571EF700E8A53F /* SourceSansPro-Regular.ttf in Resources */,
			);
			runOnlyForDeploymentPostprocessing = 0;
		};
/* End PBXResourcesBuildPhase section */

/* Begin PBXShellScriptBuildPhase section */
		6947F322548439F3BC128273 /* [CP] Check Pods Manifest.lock */ = {
			isa = PBXShellScriptBuildPhase;
			buildActionMask = 2147483647;
			files = (
			);
			inputFileListPaths = (
			);
			inputPaths = (
				"${PODS_PODFILE_DIR_PATH}/Podfile.lock",
				"${PODS_ROOT}/Manifest.lock",
			);
			name = "[CP] Check Pods Manifest.lock";
			outputFileListPaths = (
			);
			outputPaths = (
				"$(DERIVED_FILE_DIR)/Pods-Crypto TrackerTests-checkManifestLockResult.txt",
			);
			runOnlyForDeploymentPostprocessing = 0;
			shellPath = /bin/sh;
			shellScript = "diff \"${PODS_PODFILE_DIR_PATH}/Podfile.lock\" \"${PODS_ROOT}/Manifest.lock\" > /dev/null\nif [ $? != 0 ] ; then\n    # print error to STDERR\n    echo \"error: The sandbox is not in sync with the Podfile.lock. Run 'pod install' or update your CocoaPods installation.\" >&2\n    exit 1\nfi\n# This output is used by Xcode 'outputs' to avoid re-running this script phase.\necho \"SUCCESS\" > \"${SCRIPT_OUTPUT_FILE_0}\"\n";
			showEnvVarsInLog = 0;
		};
		94AC55EF1DFB972FC17E0EFB /* [CP] Embed Pods Frameworks */ = {
			isa = PBXShellScriptBuildPhase;
			buildActionMask = 2147483647;
			files = (
			);
			inputFileListPaths = (
				"${PODS_ROOT}/Target Support Files/Pods-Crypto Tracker/Pods-Crypto Tracker-frameworks-${CONFIGURATION}-input-files.xcfilelist",
			);
			name = "[CP] Embed Pods Frameworks";
			outputFileListPaths = (
				"${PODS_ROOT}/Target Support Files/Pods-Crypto Tracker/Pods-Crypto Tracker-frameworks-${CONFIGURATION}-output-files.xcfilelist",
			);
			runOnlyForDeploymentPostprocessing = 0;
			shellPath = /bin/sh;
			shellScript = "\"${PODS_ROOT}/Target Support Files/Pods-Crypto Tracker/Pods-Crypto Tracker-frameworks.sh\"\n";
			showEnvVarsInLog = 0;
		};
		BB49780F061A19792E32DECE /* [CP] Check Pods Manifest.lock */ = {
			isa = PBXShellScriptBuildPhase;
			buildActionMask = 2147483647;
			files = (
			);
			inputFileListPaths = (
			);
			inputPaths = (
				"${PODS_PODFILE_DIR_PATH}/Podfile.lock",
				"${PODS_ROOT}/Manifest.lock",
			);
			name = "[CP] Check Pods Manifest.lock";
			outputFileListPaths = (
			);
			outputPaths = (
				"$(DERIVED_FILE_DIR)/Pods-Crypto Tracker-checkManifestLockResult.txt",
			);
			runOnlyForDeploymentPostprocessing = 0;
			shellPath = /bin/sh;
			shellScript = "diff \"${PODS_PODFILE_DIR_PATH}/Podfile.lock\" \"${PODS_ROOT}/Manifest.lock\" > /dev/null\nif [ $? != 0 ] ; then\n    # print error to STDERR\n    echo \"error: The sandbox is not in sync with the Podfile.lock. Run 'pod install' or update your CocoaPods installation.\" >&2\n    exit 1\nfi\n# This output is used by Xcode 'outputs' to avoid re-running this script phase.\necho \"SUCCESS\" > \"${SCRIPT_OUTPUT_FILE_0}\"\n";
			showEnvVarsInLog = 0;
		};
		BB66825F5F38070D8952AE98 /* [CP] Embed Pods Frameworks */ = {
			isa = PBXShellScriptBuildPhase;
			buildActionMask = 2147483647;
			files = (
			);
			inputFileListPaths = (
				"${PODS_ROOT}/Target Support Files/Pods-Crypto Tracker-Crypto TrackerUITests/Pods-Crypto Tracker-Crypto TrackerUITests-frameworks-${CONFIGURATION}-input-files.xcfilelist",
			);
			name = "[CP] Embed Pods Frameworks";
			outputFileListPaths = (
				"${PODS_ROOT}/Target Support Files/Pods-Crypto Tracker-Crypto TrackerUITests/Pods-Crypto Tracker-Crypto TrackerUITests-frameworks-${CONFIGURATION}-output-files.xcfilelist",
			);
			runOnlyForDeploymentPostprocessing = 0;
			shellPath = /bin/sh;
			shellScript = "\"${PODS_ROOT}/Target Support Files/Pods-Crypto Tracker-Crypto TrackerUITests/Pods-Crypto Tracker-Crypto TrackerUITests-frameworks.sh\"\n";
			showEnvVarsInLog = 0;
		};
		CA571B8BF3D360742A9557CE /* [CP] Check Pods Manifest.lock */ = {
			isa = PBXShellScriptBuildPhase;
			buildActionMask = 2147483647;
			files = (
			);
			inputFileListPaths = (
			);
			inputPaths = (
				"${PODS_PODFILE_DIR_PATH}/Podfile.lock",
				"${PODS_ROOT}/Manifest.lock",
			);
			name = "[CP] Check Pods Manifest.lock";
			outputFileListPaths = (
			);
			outputPaths = (
				"$(DERIVED_FILE_DIR)/Pods-Crypto Tracker-Crypto TrackerUITests-checkManifestLockResult.txt",
			);
			runOnlyForDeploymentPostprocessing = 0;
			shellPath = /bin/sh;
			shellScript = "diff \"${PODS_PODFILE_DIR_PATH}/Podfile.lock\" \"${PODS_ROOT}/Manifest.lock\" > /dev/null\nif [ $? != 0 ] ; then\n    # print error to STDERR\n    echo \"error: The sandbox is not in sync with the Podfile.lock. Run 'pod install' or update your CocoaPods installation.\" >&2\n    exit 1\nfi\n# This output is used by Xcode 'outputs' to avoid re-running this script phase.\necho \"SUCCESS\" > \"${SCRIPT_OUTPUT_FILE_0}\"\n";
			showEnvVarsInLog = 0;
		};
/* End PBXShellScriptBuildPhase section */

/* Begin PBXSourcesBuildPhase section */
		76C95EB12A55826000E8A53F /* Sources */ = {
			isa = PBXSourcesBuildPhase;
			buildActionMask = 2147483647;
			files = (
				76C95EBD2A55826000E8A53F /* HomeVCController.swift in Sources */,
				7696B4082A58914300904EB1 /* CryptoManager.swift in Sources */,
				76AAB5412B53302A00FD3A3C /* CryptoData.swift in Sources */,
				76C95EB92A55826000E8A53F /* AppDelegate.swift in Sources */,
				76C95EEC2A55AB2E00E8A53F /* OnboardingVC.swift in Sources */,
				76F858BA2A6068EA00C96D42 /* CryptoDetailsVC.swift in Sources */,
				76C95EBB2A55826000E8A53F /* SceneDelegate.swift in Sources */,
				76C95EEA2A55958300E8A53F /* Background.swift in Sources */,
				76C960812A5722C500E8A53F /* CryptoTableViewCell.swift in Sources */,
			);
			runOnlyForDeploymentPostprocessing = 0;
		};
		76C95EC72A55826300E8A53F /* Sources */ = {
			isa = PBXSourcesBuildPhase;
			buildActionMask = 2147483647;
			files = (
				7696B4092A58914300904EB1 /* CryptoManager.swift in Sources */,
				76C95ED02A55826300E8A53F /* Crypto_TrackerTests.swift in Sources */,
				76C960822A5722C500E8A53F /* CryptoTableViewCell.swift in Sources */,
				76F858BB2A6068EA00C96D42 /* CryptoDetailsVC.swift in Sources */,
			);
			runOnlyForDeploymentPostprocessing = 0;
		};
		76C95ED12A55826300E8A53F /* Sources */ = {
			isa = PBXSourcesBuildPhase;
			buildActionMask = 2147483647;
			files = (
				76F858BC2A6068EA00C96D42 /* CryptoDetailsVC.swift in Sources */,
				76C960832A5722C500E8A53F /* CryptoTableViewCell.swift in Sources */,
				76C95EDC2A55826300E8A53F /* Crypto_TrackerUITestsLaunchTests.swift in Sources */,
				76C95EDA2A55826300E8A53F /* Crypto_TrackerUITests.swift in Sources */,
				7696B40A2A58914300904EB1 /* CryptoManager.swift in Sources */,
			);
			runOnlyForDeploymentPostprocessing = 0;
		};
/* End PBXSourcesBuildPhase section */

/* Begin PBXTargetDependency section */
		76C95ECD2A55826300E8A53F /* PBXTargetDependency */ = {
			isa = PBXTargetDependency;
			target = 76C95EB42A55826000E8A53F /* Crypto Tracker */;
			targetProxy = 76C95ECC2A55826300E8A53F /* PBXContainerItemProxy */;
		};
		76C95ED72A55826300E8A53F /* PBXTargetDependency */ = {
			isa = PBXTargetDependency;
			target = 76C95EB42A55826000E8A53F /* Crypto Tracker */;
			targetProxy = 76C95ED62A55826300E8A53F /* PBXContainerItemProxy */;
		};
/* End PBXTargetDependency section */

/* Begin PBXVariantGroup section */
		76C95EBE2A55826000E8A53F /* Main.storyboard */ = {
			isa = PBXVariantGroup;
			children = (
				76C95EBF2A55826000E8A53F /* Base */,
			);
			name = Main.storyboard;
			sourceTree = "<group>";
		};
		76C95EC32A55826300E8A53F /* LaunchScreen.storyboard */ = {
			isa = PBXVariantGroup;
			children = (
				76C95EC42A55826300E8A53F /* Base */,
			);
			name = LaunchScreen.storyboard;
			sourceTree = "<group>";
		};
/* End PBXVariantGroup section */

/* Begin XCBuildConfiguration section */
		76C95EDD2A55826300E8A53F /* Debug */ = {
			isa = XCBuildConfiguration;
			buildSettings = {
				ALWAYS_SEARCH_USER_PATHS = NO;
				CLANG_ANALYZER_NONNULL = YES;
				CLANG_ANALYZER_NUMBER_OBJECT_CONVERSION = YES_AGGRESSIVE;
				CLANG_CXX_LANGUAGE_STANDARD = "gnu++20";
				CLANG_ENABLE_MODULES = YES;
				CLANG_ENABLE_OBJC_ARC = YES;
				CLANG_ENABLE_OBJC_WEAK = YES;
				CLANG_WARN_BLOCK_CAPTURE_AUTORELEASING = YES;
				CLANG_WARN_BOOL_CONVERSION = YES;
				CLANG_WARN_COMMA = YES;
				CLANG_WARN_CONSTANT_CONVERSION = YES;
				CLANG_WARN_DEPRECATED_OBJC_IMPLEMENTATIONS = YES;
				CLANG_WARN_DIRECT_OBJC_ISA_USAGE = YES_ERROR;
				CLANG_WARN_DOCUMENTATION_COMMENTS = YES;
				CLANG_WARN_EMPTY_BODY = YES;
				CLANG_WARN_ENUM_CONVERSION = YES;
				CLANG_WARN_INFINITE_RECURSION = YES;
				CLANG_WARN_INT_CONVERSION = YES;
				CLANG_WARN_NON_LITERAL_NULL_CONVERSION = YES;
				CLANG_WARN_OBJC_IMPLICIT_RETAIN_SELF = YES;
				CLANG_WARN_OBJC_LITERAL_CONVERSION = YES;
				CLANG_WARN_OBJC_ROOT_CLASS = YES_ERROR;
				CLANG_WARN_QUOTED_INCLUDE_IN_FRAMEWORK_HEADER = YES;
				CLANG_WARN_RANGE_LOOP_ANALYSIS = YES;
				CLANG_WARN_STRICT_PROTOTYPES = YES;
				CLANG_WARN_SUSPICIOUS_MOVE = YES;
				CLANG_WARN_UNGUARDED_AVAILABILITY = YES_AGGRESSIVE;
				CLANG_WARN_UNREACHABLE_CODE = YES;
				CLANG_WARN__DUPLICATE_METHOD_MATCH = YES;
				COPY_PHASE_STRIP = NO;
				DEBUG_INFORMATION_FORMAT = dwarf;
				ENABLE_STRICT_OBJC_MSGSEND = YES;
				ENABLE_TESTABILITY = YES;
				ENABLE_USER_SCRIPT_SANDBOXING = YES;
				GCC_C_LANGUAGE_STANDARD = gnu11;
				GCC_DYNAMIC_NO_PIC = NO;
				GCC_NO_COMMON_BLOCKS = YES;
				GCC_OPTIMIZATION_LEVEL = 0;
				GCC_PREPROCESSOR_DEFINITIONS = (
					"DEBUG=1",
					"$(inherited)",
				);
				GCC_WARN_64_TO_32_BIT_CONVERSION = YES;
				GCC_WARN_ABOUT_RETURN_TYPE = YES_ERROR;
				GCC_WARN_UNDECLARED_SELECTOR = YES;
				GCC_WARN_UNINITIALIZED_AUTOS = YES_AGGRESSIVE;
				GCC_WARN_UNUSED_FUNCTION = YES;
				GCC_WARN_UNUSED_VARIABLE = YES;
				IPHONEOS_DEPLOYMENT_TARGET = 16.4;
				MTL_ENABLE_DEBUG_INFO = INCLUDE_SOURCE;
				MTL_FAST_MATH = YES;
				ONLY_ACTIVE_ARCH = YES;
				SDKROOT = iphoneos;
				SWIFT_ACTIVE_COMPILATION_CONDITIONS = DEBUG;
				SWIFT_OPTIMIZATION_LEVEL = "-Onone";
			};
			name = Debug;
		};
		76C95EDE2A55826300E8A53F /* Release */ = {
			isa = XCBuildConfiguration;
			buildSettings = {
				ALWAYS_SEARCH_USER_PATHS = NO;
				CLANG_ANALYZER_NONNULL = YES;
				CLANG_ANALYZER_NUMBER_OBJECT_CONVERSION = YES_AGGRESSIVE;
				CLANG_CXX_LANGUAGE_STANDARD = "gnu++20";
				CLANG_ENABLE_MODULES = YES;
				CLANG_ENABLE_OBJC_ARC = YES;
				CLANG_ENABLE_OBJC_WEAK = YES;
				CLANG_WARN_BLOCK_CAPTURE_AUTORELEASING = YES;
				CLANG_WARN_BOOL_CONVERSION = YES;
				CLANG_WARN_COMMA = YES;
				CLANG_WARN_CONSTANT_CONVERSION = YES;
				CLANG_WARN_DEPRECATED_OBJC_IMPLEMENTATIONS = YES;
				CLANG_WARN_DIRECT_OBJC_ISA_USAGE = YES_ERROR;
				CLANG_WARN_DOCUMENTATION_COMMENTS = YES;
				CLANG_WARN_EMPTY_BODY = YES;
				CLANG_WARN_ENUM_CONVERSION = YES;
				CLANG_WARN_INFINITE_RECURSION = YES;
				CLANG_WARN_INT_CONVERSION = YES;
				CLANG_WARN_NON_LITERAL_NULL_CONVERSION = YES;
				CLANG_WARN_OBJC_IMPLICIT_RETAIN_SELF = YES;
				CLANG_WARN_OBJC_LITERAL_CONVERSION = YES;
				CLANG_WARN_OBJC_ROOT_CLASS = YES_ERROR;
				CLANG_WARN_QUOTED_INCLUDE_IN_FRAMEWORK_HEADER = YES;
				CLANG_WARN_RANGE_LOOP_ANALYSIS = YES;
				CLANG_WARN_STRICT_PROTOTYPES = YES;
				CLANG_WARN_SUSPICIOUS_MOVE = YES;
				CLANG_WARN_UNGUARDED_AVAILABILITY = YES_AGGRESSIVE;
				CLANG_WARN_UNREACHABLE_CODE = YES;
				CLANG_WARN__DUPLICATE_METHOD_MATCH = YES;
				COPY_PHASE_STRIP = NO;
				DEBUG_INFORMATION_FORMAT = "dwarf-with-dsym";
				ENABLE_NS_ASSERTIONS = NO;
				ENABLE_STRICT_OBJC_MSGSEND = YES;
				ENABLE_USER_SCRIPT_SANDBOXING = YES;
				GCC_C_LANGUAGE_STANDARD = gnu11;
				GCC_NO_COMMON_BLOCKS = YES;
				GCC_WARN_64_TO_32_BIT_CONVERSION = YES;
				GCC_WARN_ABOUT_RETURN_TYPE = YES_ERROR;
				GCC_WARN_UNDECLARED_SELECTOR = YES;
				GCC_WARN_UNINITIALIZED_AUTOS = YES_AGGRESSIVE;
				GCC_WARN_UNUSED_FUNCTION = YES;
				GCC_WARN_UNUSED_VARIABLE = YES;
				IPHONEOS_DEPLOYMENT_TARGET = 16.4;
				MTL_ENABLE_DEBUG_INFO = NO;
				MTL_FAST_MATH = YES;
				SDKROOT = iphoneos;
				SWIFT_COMPILATION_MODE = wholemodule;
				SWIFT_OPTIMIZATION_LEVEL = "-O";
				VALIDATE_PRODUCT = YES;
			};
			name = Release;
		};
		76C95EE02A55826300E8A53F /* Debug */ = {
			isa = XCBuildConfiguration;
			baseConfigurationReference = 60C3C65983BC92D12AA5E755 /* Pods-Crypto Tracker.debug.xcconfig */;
			buildSettings = {
				ASSETCATALOG_COMPILER_APPICON_NAME = AppIcon;
				ASSETCATALOG_COMPILER_GLOBAL_ACCENT_COLOR_NAME = AccentColor;
				CODE_SIGN_STYLE = Automatic;
				CURRENT_PROJECT_VERSION = 1;
				DEVELOPMENT_TEAM = J7756LG4P3;
				ENABLE_USER_SCRIPT_SANDBOXING = NO;
				GENERATE_INFOPLIST_FILE = YES;
				INFOPLIST_FILE = "Crypto Tracker/Info.plist";
				INFOPLIST_KEY_UIApplicationSupportsIndirectInputEvents = YES;
				INFOPLIST_KEY_UILaunchStoryboardName = LaunchScreen;
				INFOPLIST_KEY_UIMainStoryboardFile = Main;
				INFOPLIST_KEY_UISupportedInterfaceOrientations_iPad = "UIInterfaceOrientationPortrait UIInterfaceOrientationPortraitUpsideDown UIInterfaceOrientationLandscapeLeft UIInterfaceOrientationLandscapeRight";
				INFOPLIST_KEY_UISupportedInterfaceOrientations_iPhone = "UIInterfaceOrientationPortrait UIInterfaceOrientationLandscapeLeft UIInterfaceOrientationLandscapeRight";
				LD_RUNPATH_SEARCH_PATHS = (
					"$(inherited)",
					"@executable_path/Frameworks",
				);
				MARKETING_VERSION = 1.0;
				PRODUCT_BUNDLE_IDENTIFIER = "com.info.Crypto-Tracker";
				PRODUCT_NAME = "$(TARGET_NAME)";
				SWIFT_EMIT_LOC_STRINGS = YES;
				SWIFT_VERSION = 5.0;
				TARGETED_DEVICE_FAMILY = "1,2";
			};
			name = Debug;
		};
		76C95EE12A55826300E8A53F /* Release */ = {
			isa = XCBuildConfiguration;
			baseConfigurationReference = 8A0B195C3C23547B178EF458 /* Pods-Crypto Tracker.release.xcconfig */;
			buildSettings = {
				ASSETCATALOG_COMPILER_APPICON_NAME = AppIcon;
				ASSETCATALOG_COMPILER_GLOBAL_ACCENT_COLOR_NAME = AccentColor;
				CODE_SIGN_STYLE = Automatic;
				CURRENT_PROJECT_VERSION = 1;
				DEVELOPMENT_TEAM = J7756LG4P3;
				ENABLE_USER_SCRIPT_SANDBOXING = NO;
				GENERATE_INFOPLIST_FILE = YES;
				INFOPLIST_FILE = "Crypto Tracker/Info.plist";
				INFOPLIST_KEY_UIApplicationSupportsIndirectInputEvents = YES;
				INFOPLIST_KEY_UILaunchStoryboardName = LaunchScreen;
				INFOPLIST_KEY_UIMainStoryboardFile = Main;
				INFOPLIST_KEY_UISupportedInterfaceOrientations_iPad = "UIInterfaceOrientationPortrait UIInterfaceOrientationPortraitUpsideDown UIInterfaceOrientationLandscapeLeft UIInterfaceOrientationLandscapeRight";
				INFOPLIST_KEY_UISupportedInterfaceOrientations_iPhone = "UIInterfaceOrientationPortrait UIInterfaceOrientationLandscapeLeft UIInterfaceOrientationLandscapeRight";
				LD_RUNPATH_SEARCH_PATHS = (
					"$(inherited)",
					"@executable_path/Frameworks",
				);
				MARKETING_VERSION = 1.0;
				PRODUCT_BUNDLE_IDENTIFIER = "com.info.Crypto-Tracker";
				PRODUCT_NAME = "$(TARGET_NAME)";
				SWIFT_EMIT_LOC_STRINGS = YES;
				SWIFT_VERSION = 5.0;
				TARGETED_DEVICE_FAMILY = "1,2";
			};
			name = Release;
		};
		76C95EE32A55826300E8A53F /* Debug */ = {
			isa = XCBuildConfiguration;
			baseConfigurationReference = 0FA704836576ACA3C2C22325 /* Pods-Crypto TrackerTests.debug.xcconfig */;
			buildSettings = {
				ALWAYS_EMBED_SWIFT_STANDARD_LIBRARIES = YES;
				BUNDLE_LOADER = "$(TEST_HOST)";
				CODE_SIGN_STYLE = Automatic;
				CURRENT_PROJECT_VERSION = 1;
				DEVELOPMENT_TEAM = J7756LG4P3;
				GENERATE_INFOPLIST_FILE = YES;
				IPHONEOS_DEPLOYMENT_TARGET = 16.4;
				MARKETING_VERSION = 1.0;
				PRODUCT_BUNDLE_IDENTIFIER = "com.info.Crypto-TrackerTests";
				PRODUCT_NAME = "$(TARGET_NAME)";
				SWIFT_EMIT_LOC_STRINGS = NO;
				SWIFT_VERSION = 5.0;
				TARGETED_DEVICE_FAMILY = "1,2";
				TEST_HOST = "$(BUILT_PRODUCTS_DIR)/Crypto Tracker.app/$(BUNDLE_EXECUTABLE_FOLDER_PATH)/Crypto Tracker";
			};
			name = Debug;
		};
		76C95EE42A55826300E8A53F /* Release */ = {
			isa = XCBuildConfiguration;
			baseConfigurationReference = 6B23B0714198C7B98303D0AF /* Pods-Crypto TrackerTests.release.xcconfig */;
			buildSettings = {
				ALWAYS_EMBED_SWIFT_STANDARD_LIBRARIES = YES;
				BUNDLE_LOADER = "$(TEST_HOST)";
				CODE_SIGN_STYLE = Automatic;
				CURRENT_PROJECT_VERSION = 1;
				DEVELOPMENT_TEAM = J7756LG4P3;
				GENERATE_INFOPLIST_FILE = YES;
				IPHONEOS_DEPLOYMENT_TARGET = 16.4;
				MARKETING_VERSION = 1.0;
				PRODUCT_BUNDLE_IDENTIFIER = "com.info.Crypto-TrackerTests";
				PRODUCT_NAME = "$(TARGET_NAME)";
				SWIFT_EMIT_LOC_STRINGS = NO;
				SWIFT_VERSION = 5.0;
				TARGETED_DEVICE_FAMILY = "1,2";
				TEST_HOST = "$(BUILT_PRODUCTS_DIR)/Crypto Tracker.app/$(BUNDLE_EXECUTABLE_FOLDER_PATH)/Crypto Tracker";
			};
			name = Release;
		};
		76C95EE62A55826300E8A53F /* Debug */ = {
			isa = XCBuildConfiguration;
			baseConfigurationReference = 59E7E9EDB001BB8CE6F3B469 /* Pods-Crypto Tracker-Crypto TrackerUITests.debug.xcconfig */;
			buildSettings = {
				ALWAYS_EMBED_SWIFT_STANDARD_LIBRARIES = YES;
				CODE_SIGN_STYLE = Automatic;
				CURRENT_PROJECT_VERSION = 1;
				DEVELOPMENT_TEAM = J7756LG4P3;
				GENERATE_INFOPLIST_FILE = YES;
				MARKETING_VERSION = 1.0;
				PRODUCT_BUNDLE_IDENTIFIER = "com.info.Crypto-TrackerUITests";
				PRODUCT_NAME = "$(TARGET_NAME)";
				SWIFT_EMIT_LOC_STRINGS = NO;
				SWIFT_VERSION = 5.0;
				TARGETED_DEVICE_FAMILY = "1,2";
				TEST_TARGET_NAME = "Crypto Tracker";
			};
			name = Debug;
		};
		76C95EE72A55826300E8A53F /* Release */ = {
			isa = XCBuildConfiguration;
			baseConfigurationReference = 0341E69E8E6807C20BED408A /* Pods-Crypto Tracker-Crypto TrackerUITests.release.xcconfig */;
			buildSettings = {
				ALWAYS_EMBED_SWIFT_STANDARD_LIBRARIES = YES;
				CODE_SIGN_STYLE = Automatic;
				CURRENT_PROJECT_VERSION = 1;
				DEVELOPMENT_TEAM = J7756LG4P3;
				GENERATE_INFOPLIST_FILE = YES;
				MARKETING_VERSION = 1.0;
				PRODUCT_BUNDLE_IDENTIFIER = "com.info.Crypto-TrackerUITests";
				PRODUCT_NAME = "$(TARGET_NAME)";
				SWIFT_EMIT_LOC_STRINGS = NO;
				SWIFT_VERSION = 5.0;
				TARGETED_DEVICE_FAMILY = "1,2";
				TEST_TARGET_NAME = "Crypto Tracker";
			};
			name = Release;
		};
/* End XCBuildConfiguration section */

/* Begin XCConfigurationList section */
		76C95EB02A55826000E8A53F /* Build configuration list for PBXProject "Crypto Tracker" */ = {
			isa = XCConfigurationList;
			buildConfigurations = (
				76C95EDD2A55826300E8A53F /* Debug */,
				76C95EDE2A55826300E8A53F /* Release */,
			);
			defaultConfigurationIsVisible = 0;
			defaultConfigurationName = Release;
		};
		76C95EDF2A55826300E8A53F /* Build configuration list for PBXNativeTarget "Crypto Tracker" */ = {
			isa = XCConfigurationList;
			buildConfigurations = (
				76C95EE02A55826300E8A53F /* Debug */,
				76C95EE12A55826300E8A53F /* Release */,
			);
			defaultConfigurationIsVisible = 0;
			defaultConfigurationName = Release;
		};
		76C95EE22A55826300E8A53F /* Build configuration list for PBXNativeTarget "Crypto TrackerTests" */ = {
			isa = XCConfigurationList;
			buildConfigurations = (
				76C95EE32A55826300E8A53F /* Debug */,
				76C95EE42A55826300E8A53F /* Release */,
			);
			defaultConfigurationIsVisible = 0;
			defaultConfigurationName = Release;
		};
		76C95EE52A55826300E8A53F /* Build configuration list for PBXNativeTarget "Crypto TrackerUITests" */ = {
			isa = XCConfigurationList;
			buildConfigurations = (
				76C95EE62A55826300E8A53F /* Debug */,
				76C95EE72A55826300E8A53F /* Release */,
			);
			defaultConfigurationIsVisible = 0;
			defaultConfigurationName = Release;
		};
/* End XCConfigurationList section */

/* Begin XCRemoteSwiftPackageReference section */
		762E6E1B2B5EB8EA0039E7A5 /* XCRemoteSwiftPackageReference "Alamofire" */ = {
			isa = XCRemoteSwiftPackageReference;
			repositoryURL = "https://github.com/Alamofire/Alamofire.git";
			requirement = {
				kind = upToNextMajorVersion;
				minimumVersion = 5.8.1;
			};
		};
		766E0FBE2B5841EE008E2325 /* XCRemoteSwiftPackageReference "Charts" */ = {
			isa = XCRemoteSwiftPackageReference;
			repositoryURL = "https://github.com/danielgindi/Charts";
			requirement = {
				kind = upToNextMajorVersion;
				minimumVersion = 5.0.0;
			};
		};
		76AAB5422B555FA200FD3A3C /* XCRemoteSwiftPackageReference "Kingfisher" */ = {
			isa = XCRemoteSwiftPackageReference;
			repositoryURL = "https://github.com/onevcat/Kingfisher.git";
			requirement = {
				kind = upToNextMajorVersion;
				minimumVersion = 7.10.2;
			};
		};
/* End XCRemoteSwiftPackageReference section */

/* Begin XCSwiftPackageProductDependency section */
		762E6E1C2B5EB8EA0039E7A5 /* Alamofire */ = {
			isa = XCSwiftPackageProductDependency;
			package = 762E6E1B2B5EB8EA0039E7A5 /* XCRemoteSwiftPackageReference "Alamofire" */;
			productName = Alamofire;
		};
		76AAB5432B555FA300FD3A3C /* Kingfisher */ = {
			isa = XCSwiftPackageProductDependency;
			package = 76AAB5422B555FA200FD3A3C /* XCRemoteSwiftPackageReference "Kingfisher" */;
			productName = Kingfisher;
		};
/* End XCSwiftPackageProductDependency section */
	};
	rootObject = 76C95EAD2A55826000E8A53F /* Project object */;
}
